
Microsoft Visual Studio Solution File, Format Version 11.00
# Visual C# Express 2010
Project("{FAE04EC0-301F-11D3-BF4B-00C04F79EFBC}") = "Iron.Server", "Iron.Server\Iron.Server.csproj", "{A7330737-BAF6-49AD-BAC8-0F8005A5956D}"
EndProject
Global
	GlobalSection(SolutionConfigurationPlatforms) = preSolution
		Debug|x86 = Debug|x86
		Release|x86 = Release|x86
	EndGlobalSection
	GlobalSection(ProjectConfigurationPlatforms) = postSolution
		{A7330737-BAF6-49AD-BAC8-0F8005A5956D}.Debug|x86.ActiveCfg = Debug|x86
		{A7330737-BAF6-49AD-BAC8-0F8005A5956D}.Debug|x86.Build.0 = Debug|x86
		{A7330737-BAF6-49AD-BAC8-0F8005A5956D}.Release|x86.ActiveCfg = Release|x86
		{A7330737-BAF6-49AD-BAC8-0F8005A5956D}.Release|x86.Build.0 = Release|x86
	EndGlobalSection
	GlobalSection(SolutionProperties) = preSolution
		HideSolutionNode = FALSE
	EndGlobalSection
EndGlobal
